
Microsoft Visual Studio Solution File, Format Version 12.00
# Visual Studio Version 17
VisualStudioVersion = 17.3.32901.215
MinimumVisualStudioVersion = 10.0.40219.1
Project("{FAE04EC0-301F-11D3-BF4B-00C04F79EFBC}") = "Clase 51b", "Clase 51b\Clase 51b.csproj", "{4A984739-205E-4BF7-87B9-ACF6DAF91B07}"
EndProject
Global
	GlobalSection(SolutionConfigurationPlatforms) = preSolution
		Debug|Any CPU = Debug|Any CPU
		Release|Any CPU = Release|Any CPU
	EndGlobalSection
	GlobalSection(ProjectConfigurationPlatforms) = postSolution
		{4A984739-205E-4BF7-87B9-ACF6DAF91B07}.Debug|Any CPU.ActiveCfg = Debug|Any CPU
		{4A984739-205E-4BF7-87B9-ACF6DAF91B07}.Debug|Any CPU.Build.0 = Debug|Any CPU
		{4A984739-205E-4BF7-87B9-ACF6DAF91B07}.Release|Any CPU.ActiveCfg = Release|Any CPU
		{4A984739-205E-4BF7-87B9-ACF6DAF91B07}.Release|Any CPU.Build.0 = Release|Any CPU
	EndGlobalSection
	GlobalSection(SolutionProperties) = preSolution
		HideSolutionNode = FALSE
	EndGlobalSection
	GlobalSection(ExtensibilityGlobals) = postSolution
		SolutionGuid = {EA2C897D-173B-4B00-8658-225088D037A4}
	EndGlobalSection
EndGlobal
